
Microsoft Visual Studio Solution File, Format Version 12.00
# Visual Studio Version 17
VisualStudioVersion = 17.11.35312.102
MinimumVisualStudioVersion = 10.0.40219.1
Project("{FAE04EC0-301F-11D3-BF4B-00C04F79EFBC}") = "ECommerce", "ECommerce\ECommerce.csproj", "{44FAF388-E4BB-4765-A34D-B46D55E8DD07}"
EndProject
Project("{FAE04EC0-301F-11D3-BF4B-00C04F79EFBC}") = "DataBaseAccess", "DataBaseAccess\DataBaseAccess.csproj", "{55F72B1D-E50E-49BC-8B88-F011649C95FD}"
EndProject
Project("{FAE04EC0-301F-11D3-BF4B-00C04F79EFBC}") = "ModelClasses", "ModelClasses\ModelClasses.csproj", "{1557D579-E264-432A-B965-516B1A584B39}"
EndProject
Global
	GlobalSection(SolutionConfigurationPlatforms) = preSolution
		Debug|Any CPU = Debug|Any CPU
		Release|Any CPU = Release|Any CPU
	EndGlobalSection
	GlobalSection(ProjectConfigurationPlatforms) = postSolution
		{44FAF388-E4BB-4765-A34D-B46D55E8DD07}.Debug|Any CPU.ActiveCfg = Debug|Any CPU
		{44FAF388-E4BB-4765-A34D-B46D55E8DD07}.Debug|Any CPU.Build.0 = Debug|Any CPU
		{44FAF388-E4BB-4765-A34D-B46D55E8DD07}.Release|Any CPU.ActiveCfg = Release|Any CPU
		{44FAF388-E4BB-4765-A34D-B46D55E8DD07}.Release|Any CPU.Build.0 = Release|Any CPU
		{55F72B1D-E50E-49BC-8B88-F011649C95FD}.Debug|Any CPU.ActiveCfg = Debug|Any CPU
		{55F72B1D-E50E-49BC-8B88-F011649C95FD}.Debug|Any CPU.Build.0 = Debug|Any CPU
		{55F72B1D-E50E-49BC-8B88-F011649C95FD}.Release|Any CPU.ActiveCfg = Release|Any CPU
		{55F72B1D-E50E-49BC-8B88-F011649C95FD}.Release|Any CPU.Build.0 = Release|Any CPU
		{1557D579-E264-432A-B965-516B1A584B39}.Debug|Any CPU.ActiveCfg = Debug|Any CPU
		{1557D579-E264-432A-B965-516B1A584B39}.Debug|Any CPU.Build.0 = Debug|Any CPU
		{1557D579-E264-432A-B965-516B1A584B39}.Release|Any CPU.ActiveCfg = Release|Any CPU
		{1557D579-E264-432A-B965-516B1A584B39}.Release|Any CPU.Build.0 = Release|Any CPU
	EndGlobalSection
	GlobalSection(SolutionProperties) = preSolution
		HideSolutionNode = FALSE
	EndGlobalSection
	GlobalSection(ExtensibilityGlobals) = postSolution
		SolutionGuid = {A8318C72-5219-4BF8-B252-31EF4D6C8B48}
	EndGlobalSection
EndGlobal
